
Microsoft Visual Studio Solution File, Format Version 12.00
# Visual Studio Version 16
VisualStudioVersion = 16.0.31205.134
MinimumVisualStudioVersion = 10.0.40219.1
Project("{8BC9CEB8-8B4A-11D0-8D11-00A0C91BC942}") = "winclient", "winclient\winclient.vcxproj", "{BA1D0007-83B2-463A-A5AB-247CE6ED9F5E}"
EndProject
Project("{8BC9CEB8-8B4A-11D0-8D11-00A0C91BC942}") = "Client", "Client\Client.vcxproj", "{686B8947-C8BD-4846-929D-015DB7749847}"
EndProject
Project("{8BC9CEB8-8B4A-11D0-8D11-00A0C91BC942}") = "SeverSource", "SeverSource\SeverSource.vcxproj", "{AE96454A-B495-4A87-810C-996D8CAAEABE}"
EndProject
Project("{8BC9CEB8-8B4A-11D0-8D11-00A0C91BC942}") = "Server", "Server\Server.vcxproj", "{87385131-49D4-4FD4-81AD-2DCA55FF7DDA}"
EndProject
Global
	GlobalSection(SolutionConfigurationPlatforms) = preSolution
		Debug|x64 = Debug|x64
		Debug|x86 = Debug|x86
		Release|x64 = Release|x64
		Release|x86 = Release|x86
	EndGlobalSection
	GlobalSection(ProjectConfigurationPlatforms) = postSolution
		{BA1D0007-83B2-463A-A5AB-247CE6ED9F5E}.Debug|x64.ActiveCfg = Debug|x64
		{BA1D0007-83B2-463A-A5AB-247CE6ED9F5E}.Debug|x64.Build.0 = Debug|x64
		{BA1D0007-83B2-463A-A5AB-247CE6ED9F5E}.Debug|x86.ActiveCfg = Debug|Win32
		{BA1D0007-83B2-463A-A5AB-247CE6ED9F5E}.Debug|x86.Build.0 = Debug|Win32
		{BA1D0007-83B2-463A-A5AB-247CE6ED9F5E}.Release|x64.ActiveCfg = Release|x64
		{BA1D0007-83B2-463A-A5AB-247CE6ED9F5E}.Release|x64.Build.0 = Release|x64
		{BA1D0007-83B2-463A-A5AB-247CE6ED9F5E}.Release|x86.ActiveCfg = Release|Win32
		{BA1D0007-83B2-463A-A5AB-247CE6ED9F5E}.Release|x86.Build.0 = Release|Win32
		{686B8947-C8BD-4846-929D-015DB7749847}.Debug|x64.ActiveCfg = Debug|x64
		{686B8947-C8BD-4846-929D-015DB7749847}.Debug|x64.Build.0 = Debug|x64
		{686B8947-C8BD-4846-929D-015DB7749847}.Debug|x86.ActiveCfg = Debug|Win32
		{686B8947-C8BD-4846-929D-015DB7749847}.Debug|x86.Build.0 = Debug|Win32
		{686B8947-C8BD-4846-929D-015DB7749847}.Release|x64.ActiveCfg = Release|x64
		{686B8947-C8BD-4846-929D-015DB7749847}.Release|x64.Build.0 = Release|x64
		{686B8947-C8BD-4846-929D-015DB7749847}.Release|x86.ActiveCfg = Release|Win32
		{686B8947-C8BD-4846-929D-015DB7749847}.Release|x86.Build.0 = Release|Win32
		{AE96454A-B495-4A87-810C-996D8CAAEABE}.Debug|x64.ActiveCfg = Debug|x64
		{AE96454A-B495-4A87-810C-996D8CAAEABE}.Debug|x64.Build.0 = Debug|x64
		{AE96454A-B495-4A87-810C-996D8CAAEABE}.Debug|x86.ActiveCfg = Debug|Win32
		{AE96454A-B495-4A87-810C-996D8CAAEABE}.Debug|x86.Build.0 = Debug|Win32
		{AE96454A-B495-4A87-810C-996D8CAAEABE}.Release|x64.ActiveCfg = Release|x64
		{AE96454A-B495-4A87-810C-996D8CAAEABE}.Release|x64.Build.0 = Release|x64
		{AE96454A-B495-4A87-810C-996D8CAAEABE}.Release|x86.ActiveCfg = Release|Win32
		{AE96454A-B495-4A87-810C-996D8CAAEABE}.Release|x86.Build.0 = Release|Win32
		{87385131-49D4-4FD4-81AD-2DCA55FF7DDA}.Debug|x64.ActiveCfg = Debug|x64
		{87385131-49D4-4FD4-81AD-2DCA55FF7DDA}.Debug|x64.Build.0 = Debug|x64
		{87385131-49D4-4FD4-81AD-2DCA55FF7DDA}.Debug|x86.ActiveCfg = Debug|Win32
		{87385131-49D4-4FD4-81AD-2DCA55FF7DDA}.Debug|x86.Build.0 = Debug|Win32
		{87385131-49D4-4FD4-81AD-2DCA55FF7DDA}.Release|x64.ActiveCfg = Release|x64
		{87385131-49D4-4FD4-81AD-2DCA55FF7DDA}.Release|x64.Build.0 = Release|x64
		{87385131-49D4-4FD4-81AD-2DCA55FF7DDA}.Release|x86.ActiveCfg = Release|Win32
		{87385131-49D4-4FD4-81AD-2DCA55FF7DDA}.Release|x86.Build.0 = Release|Win32
	EndGlobalSection
	GlobalSection(SolutionProperties) = preSolution
		HideSolutionNode = FALSE
	EndGlobalSection
	GlobalSection(ExtensibilityGlobals) = postSolution
		SolutionGuid = {670BC4CE-DC3A-4772-953E-16B47826FCD9}
	EndGlobalSection
EndGlobal
